
Microsoft Visual Studio Solution File, Format Version 12.00
# Visual Studio Version 16
VisualStudioVersion = 16.0.29025.244
MinimumVisualStudioVersion = 10.0.40219.1
Project("{9A19103F-16F7-4668-BE54-9A1E7A4F7556}") = "KWin", "KWin\KWin.csproj", "{0AF09824-11CF-44CD-A9C0-9B77822A9ED7}"
EndProject
Project("{9A19103F-16F7-4668-BE54-9A1E7A4F7556}") = "KWin.Models", "KWin.Models\KWin.Models.csproj", "{303C56E9-55E6-4F2E-85CA-81FEE2371DED}"
EndProject
Project("{9A19103F-16F7-4668-BE54-9A1E7A4F7556}") = "KWin.Services", "KWin.Services\KWin.Services.csproj", "{BE3F0CDB-C459-4AD5-85F8-8C4592F8D544}"
EndProject
Project("{FAE04EC0-301F-11D3-BF4B-00C04F79EFBC}") = "KWin.Data", "KWin.Data\KWin.Data.csproj", "{FBF883D5-A290-4325-99BE-FDABC83DE4B1}"
EndProject
Global
	GlobalSection(SolutionConfigurationPlatforms) = preSolution
		Debug|Any CPU = Debug|Any CPU
		Release|Any CPU = Release|Any CPU
	EndGlobalSection
	GlobalSection(ProjectConfigurationPlatforms) = postSolution
		{0AF09824-11CF-44CD-A9C0-9B77822A9ED7}.Debug|Any CPU.ActiveCfg = Release|Any CPU
		{0AF09824-11CF-44CD-A9C0-9B77822A9ED7}.Debug|Any CPU.Build.0 = Release|Any CPU
		{0AF09824-11CF-44CD-A9C0-9B77822A9ED7}.Release|Any CPU.ActiveCfg = Release|Any CPU
		{0AF09824-11CF-44CD-A9C0-9B77822A9ED7}.Release|Any CPU.Build.0 = Release|Any CPU
		{303C56E9-55E6-4F2E-85CA-81FEE2371DED}.Debug|Any CPU.ActiveCfg = Release|Any CPU
		{303C56E9-55E6-4F2E-85CA-81FEE2371DED}.Debug|Any CPU.Build.0 = Release|Any CPU
		{303C56E9-55E6-4F2E-85CA-81FEE2371DED}.Release|Any CPU.ActiveCfg = Release|Any CPU
		{303C56E9-55E6-4F2E-85CA-81FEE2371DED}.Release|Any CPU.Build.0 = Release|Any CPU
		{BE3F0CDB-C459-4AD5-85F8-8C4592F8D544}.Debug|Any CPU.ActiveCfg = Debug|Any CPU
		{BE3F0CDB-C459-4AD5-85F8-8C4592F8D544}.Debug|Any CPU.Build.0 = Debug|Any CPU
		{BE3F0CDB-C459-4AD5-85F8-8C4592F8D544}.Release|Any CPU.ActiveCfg = Release|Any CPU
		{BE3F0CDB-C459-4AD5-85F8-8C4592F8D544}.Release|Any CPU.Build.0 = Release|Any CPU
		{FBF883D5-A290-4325-99BE-FDABC83DE4B1}.Debug|Any CPU.ActiveCfg = Debug|Any CPU
		{FBF883D5-A290-4325-99BE-FDABC83DE4B1}.Debug|Any CPU.Build.0 = Debug|Any CPU
		{FBF883D5-A290-4325-99BE-FDABC83DE4B1}.Release|Any CPU.ActiveCfg = Release|Any CPU
		{FBF883D5-A290-4325-99BE-FDABC83DE4B1}.Release|Any CPU.Build.0 = Release|Any CPU
	EndGlobalSection
	GlobalSection(SolutionProperties) = preSolution
		HideSolutionNode = FALSE
	EndGlobalSection
	GlobalSection(ExtensibilityGlobals) = postSolution
		SolutionGuid = {DB7F801D-FD76-4741-A041-5C06BE773FFE}
	EndGlobalSection
EndGlobal
